// !$*UTF8*$!
{
	archiveVersion = 1;
	classes = {
	};
	objectVersion = 55;
	objects = {

/* Begin PBXBuildFile section */
		21046C6C27303D9600A13903 /* FilterViewController.swift in Sources */ = {isa = PBXBuildFile; fileRef = 21046C6B27303D9600A13903 /* FilterViewController.swift */; };
		21046C6F273046B900A13903 /* ButtonExtension.swift in Sources */ = {isa = PBXBuildFile; fileRef = 21046C6E273046B900A13903 /* ButtonExtension.swift */; };
		211728F82739317E00DDDA40 /* ImageViewExtension.swift in Sources */ = {isa = PBXBuildFile; fileRef = 211728F72739317E00DDDA40 /* ImageViewExtension.swift */; };
		2118DA3D2731BC2D00BAD1DE /* UIViewExtension.swift in Sources */ = {isa = PBXBuildFile; fileRef = 2118DA3C2731BC2D00BAD1DE /* UIViewExtension.swift */; };
		211E5050272FF67E00E9C9B0 /* AppDelegate.swift in Sources */ = {isa = PBXBuildFile; fileRef = 211E504F272FF67E00E9C9B0 /* AppDelegate.swift */; };
		211E5052272FF67E00E9C9B0 /* SceneDelegate.swift in Sources */ = {isa = PBXBuildFile; fileRef = 211E5051272FF67E00E9C9B0 /* SceneDelegate.swift */; };
		211E5054272FF67E00E9C9B0 /* MainViewController.swift in Sources */ = {isa = PBXBuildFile; fileRef = 211E5053272FF67E00E9C9B0 /* MainViewController.swift */; };
		211E5057272FF67E00E9C9B0 /* Main.storyboard in Resources */ = {isa = PBXBuildFile; fileRef = 211E5055272FF67E00E9C9B0 /* Main.storyboard */; };
		211E5059272FF67F00E9C9B0 /* Assets.xcassets in Resources */ = {isa = PBXBuildFile; fileRef = 211E5058272FF67F00E9C9B0 /* Assets.xcassets */; };
		211E505C272FF67F00E9C9B0 /* LaunchScreen.storyboard in Resources */ = {isa = PBXBuildFile; fileRef = 211E505A272FF67F00E9C9B0 /* LaunchScreen.storyboard */; };
		21253D9A2732D68F00F469BA /* DetailViewController.swift in Sources */ = {isa = PBXBuildFile; fileRef = 21253D992732D68F00F469BA /* DetailViewController.swift */; };
		21253D9C2732D6B100F469BA /* InformationTableViewCell.swift in Sources */ = {isa = PBXBuildFile; fileRef = 21253D9B2732D6B100F469BA /* InformationTableViewCell.swift */; };
		21253D9F2732D96400F469BA /* UserInfoModel.swift in Sources */ = {isa = PBXBuildFile; fileRef = 21253D9E2732D96400F469BA /* UserInfoModel.swift */; };
		213BAC3127381777007E5832 /* Networking.swift in Sources */ = {isa = PBXBuildFile; fileRef = 213BAC3027381777007E5832 /* Networking.swift */; };
		213BAC33273820E3007E5832 /* Result.swift in Sources */ = {isa = PBXBuildFile; fileRef = 213BAC32273820E3007E5832 /* Result.swift */; };
		213BAC3527382BEE007E5832 /* UsersModel.swift in Sources */ = {isa = PBXBuildFile; fileRef = 213BAC3427382BEE007E5832 /* UsersModel.swift */; };
		21879DE92732AF9300DAA9F0 /* UserTableViewCell.swift in Sources */ = {isa = PBXBuildFile; fileRef = 21879DE82732AF9300DAA9F0 /* UserTableViewCell.swift */; };
		21A488142736657D00CDA8CC /* ShowErrorViewController.swift in Sources */ = {isa = PBXBuildFile; fileRef = 21A488122736657D00CDA8CC /* ShowErrorViewController.swift */; };
		21A488152736657D00CDA8CC /* ShowErrorViewController.xib in Resources */ = {isa = PBXBuildFile; fileRef = 21A488132736657D00CDA8CC /* ShowErrorViewController.xib */; };
		21C4C84227315FFD00ED001D /* CustomSegmentedControl.swift in Sources */ = {isa = PBXBuildFile; fileRef = 21C4C84127315FFD00ED001D /* CustomSegmentedControl.swift */; };
/* End PBXBuildFile section */

/* Begin PBXFileReference section */
		21046C6B27303D9600A13903 /* FilterViewController.swift */ = {isa = PBXFileReference; lastKnownFileType = sourcecode.swift; path = FilterViewController.swift; sourceTree = "<group>"; };
		21046C6E273046B900A13903 /* ButtonExtension.swift */ = {isa = PBXFileReference; lastKnownFileType = sourcecode.swift; path = ButtonExtension.swift; sourceTree = "<group>"; };
		211728F72739317E00DDDA40 /* ImageViewExtension.swift */ = {isa = PBXFileReference; lastKnownFileType = sourcecode.swift; path = ImageViewExtension.swift; sourceTree = "<group>"; };
		2118DA3C2731BC2D00BAD1DE /* UIViewExtension.swift */ = {isa = PBXFileReference; lastKnownFileType = sourcecode.swift; path = UIViewExtension.swift; sourceTree = "<group>"; };
		211E504C272FF67E00E9C9B0 /* Coder.app */ = {isa = PBXFileReference; explicitFileType = wrapper.application; includeInIndex = 0; path = Coder.app; sourceTree = BUILT_PRODUCTS_DIR; };
		211E504F272FF67E00E9C9B0 /* AppDelegate.swift */ = {isa = PBXFileReference; lastKnownFileType = sourcecode.swift; path = AppDelegate.swift; sourceTree = "<group>"; };
		211E5051272FF67E00E9C9B0 /* SceneDelegate.swift */ = {isa = PBXFileReference; lastKnownFileType = sourcecode.swift; path = SceneDelegate.swift; sourceTree = "<group>"; };
		211E5053272FF67E00E9C9B0 /* MainViewController.swift */ = {isa = PBXFileReference; lastKnownFileType = sourcecode.swift; path = MainViewController.swift; sourceTree = "<group>"; };
		211E5056272FF67E00E9C9B0 /* Base */ = {isa = PBXFileReference; lastKnownFileType = file.storyboard; name = Base; path = Base.lproj/Main.storyboard; sourceTree = "<group>"; };
		211E5058272FF67F00E9C9B0 /* Assets.xcassets */ = {isa = PBXFileReference; lastKnownFileType = folder.assetcatalog; path = Assets.xcassets; sourceTree = "<group>"; };
		211E505B272FF67F00E9C9B0 /* Base */ = {isa = PBXFileReference; lastKnownFileType = file.storyboard; name = Base; path = Base.lproj/LaunchScreen.storyboard; sourceTree = "<group>"; };
		211E505D272FF67F00E9C9B0 /* Info.plist */ = {isa = PBXFileReference; lastKnownFileType = text.plist.xml; path = Info.plist; sourceTree = "<group>"; };
		21253D992732D68F00F469BA /* DetailViewController.swift */ = {isa = PBXFileReference; lastKnownFileType = sourcecode.swift; path = DetailViewController.swift; sourceTree = "<group>"; };
		21253D9B2732D6B100F469BA /* InformationTableViewCell.swift */ = {isa = PBXFileReference; lastKnownFileType = sourcecode.swift; path = InformationTableViewCell.swift; sourceTree = "<group>"; };
		21253D9E2732D96400F469BA /* UserInfoModel.swift */ = {isa = PBXFileReference; lastKnownFileType = sourcecode.swift; path = UserInfoModel.swift; sourceTree = "<group>"; };
		213BAC3027381777007E5832 /* Networking.swift */ = {isa = PBXFileReference; lastKnownFileType = sourcecode.swift; path = Networking.swift; sourceTree = "<group>"; };
		213BAC32273820E3007E5832 /* Result.swift */ = {isa = PBXFileReference; lastKnownFileType = sourcecode.swift; path = Result.swift; sourceTree = "<group>"; };
		213BAC3427382BEE007E5832 /* UsersModel.swift */ = {isa = PBXFileReference; lastKnownFileType = sourcecode.swift; path = UsersModel.swift; sourceTree = "<group>"; };
		21879DE82732AF9300DAA9F0 /* UserTableViewCell.swift */ = {isa = PBXFileReference; lastKnownFileType = sourcecode.swift; path = UserTableViewCell.swift; sourceTree = "<group>"; };
		21A488122736657D00CDA8CC /* ShowErrorViewController.swift */ = {isa = PBXFileReference; lastKnownFileType = sourcecode.swift; path = ShowErrorViewController.swift; sourceTree = "<group>"; };
		21A488132736657D00CDA8CC /* ShowErrorViewController.xib */ = {isa = PBXFileReference; lastKnownFileType = file.xib; path = ShowErrorViewController.xib; sourceTree = "<group>"; };
		21C4C84127315FFD00ED001D /* CustomSegmentedControl.swift */ = {isa = PBXFileReference; lastKnownFileType = sourcecode.swift; path = CustomSegmentedControl.swift; sourceTree = "<group>"; };
/* End PBXFileReference section */

/* Begin PBXFrameworksBuildPhase section */
		211E5049272FF67E00E9C9B0 /* Frameworks */ = {
			isa = PBXFrameworksBuildPhase;
			buildActionMask = 2147483647;
			files = (
			);
			runOnlyForDeploymentPostprocessing = 0;
		};
/* End PBXFrameworksBuildPhase section */

/* Begin PBXGroup section */
		21046C6D2730469E00A13903 /* Extension */ = {
			isa = PBXGroup;
			children = (
				21046C6E273046B900A13903 /* ButtonExtension.swift */,
				2118DA3C2731BC2D00BAD1DE /* UIViewExtension.swift */,
				211728F72739317E00DDDA40 /* ImageViewExtension.swift */,
			);
			path = Extension;
			sourceTree = "<group>";
		};
		211E5043272FF67D00E9C9B0 = {
			isa = PBXGroup;
			children = (
				211E504E272FF67E00E9C9B0 /* Coder */,
				211E504D272FF67E00E9C9B0 /* Products */,
			);
			sourceTree = "<group>";
		};
		211E504D272FF67E00E9C9B0 /* Products */ = {
			isa = PBXGroup;
			children = (
				211E504C272FF67E00E9C9B0 /* Coder.app */,
			);
			name = Products;
			sourceTree = "<group>";
		};
		211E504E272FF67E00E9C9B0 /* Coder */ = {
			isa = PBXGroup;
			children = (
				219D13C42736B0E5000358DA /* Networking */,
				21253D9D2732D95000F469BA /* Model */,
				21046C6D2730469E00A13903 /* Extension */,
				211E5065272FF6DF00E9C9B0 /* View */,
				211E5064272FF6D500E9C9B0 /* Storyboard */,
				211E5063272FF6CC00E9C9B0 /* Controller */,
				211E504F272FF67E00E9C9B0 /* AppDelegate.swift */,
				211E5051272FF67E00E9C9B0 /* SceneDelegate.swift */,
				211E5058272FF67F00E9C9B0 /* Assets.xcassets */,
				211E505D272FF67F00E9C9B0 /* Info.plist */,
			);
			path = Coder;
			sourceTree = "<group>";
		};
		211E5063272FF6CC00E9C9B0 /* Controller */ = {
			isa = PBXGroup;
			children = (
				211E5053272FF67E00E9C9B0 /* MainViewController.swift */,
				21046C6B27303D9600A13903 /* FilterViewController.swift */,
				21253D992732D68F00F469BA /* DetailViewController.swift */,
				21A488122736657D00CDA8CC /* ShowErrorViewController.swift */,
			);
			path = Controller;
			sourceTree = "<group>";
		};
		211E5064272FF6D500E9C9B0 /* Storyboard */ = {
			isa = PBXGroup;
			children = (
				211E5055272FF67E00E9C9B0 /* Main.storyboard */,
				211E505A272FF67F00E9C9B0 /* LaunchScreen.storyboard */,
				21A488132736657D00CDA8CC /* ShowErrorViewController.xib */,
			);
			path = Storyboard;
			sourceTree = "<group>";
		};
		211E5065272FF6DF00E9C9B0 /* View */ = {
			isa = PBXGroup;
			children = (
				21C4C84127315FFD00ED001D /* CustomSegmentedControl.swift */,
				21879DE82732AF9300DAA9F0 /* UserTableViewCell.swift */,
				21253D9B2732D6B100F469BA /* InformationTableViewCell.swift */,
			);
			path = View;
			sourceTree = "<group>";
		};
		21253D9D2732D95000F469BA /* Model */ = {
			isa = PBXGroup;
			children = (
				21253D9E2732D96400F469BA /* UserInfoModel.swift */,
				213BAC32273820E3007E5832 /* Result.swift */,
				213BAC3427382BEE007E5832 /* UsersModel.swift */,
			);
			path = Model;
			sourceTree = "<group>";
		};
		219D13C42736B0E5000358DA /* Networking */ = {
			isa = PBXGroup;
			children = (
				213BAC3027381777007E5832 /* Networking.swift */,
			);
			path = Networking;
			sourceTree = "<group>";
		};
/* End PBXGroup section */

/* Begin PBXNativeTarget section */
		211E504B272FF67E00E9C9B0 /* Coder */ = {
			isa = PBXNativeTarget;
			buildConfigurationList = 211E5060272FF67F00E9C9B0 /* Build configuration list for PBXNativeTarget "Coder" */;
			buildPhases = (
				211E5048272FF67E00E9C9B0 /* Sources */,
				211E5049272FF67E00E9C9B0 /* Frameworks */,
				211E504A272FF67E00E9C9B0 /* Resources */,
			);
			buildRules = (
			);
			dependencies = (
			);
			name = Coder;
			packageProductDependencies = (
			);
			productName = Coder;
			productReference = 211E504C272FF67E00E9C9B0 /* Coder.app */;
			productType = "com.apple.product-type.application";
		};
/* End PBXNativeTarget section */

/* Begin PBXProject section */
		211E5044272FF67D00E9C9B0 /* Project object */ = {
			isa = PBXProject;
			attributes = {
				BuildIndependentTargetsInParallel = 1;
				LastSwiftUpdateCheck = 1300;
				LastUpgradeCheck = 1300;
				TargetAttributes = {
					211E504B272FF67E00E9C9B0 = {
						CreatedOnToolsVersion = 13.0;
					};
				};
			};
			buildConfigurationList = 211E5047272FF67D00E9C9B0 /* Build configuration list for PBXProject "Coder" */;
			compatibilityVersion = "Xcode 13.0";
			developmentRegion = en;
			hasScannedForEncodings = 0;
			knownRegions = (
				en,
				Base,
			);
			mainGroup = 211E5043272FF67D00E9C9B0;
			packageReferences = (
				219D13C12736A206000358DA /* XCRemoteSwiftPackageReference "Alamofire" */,
			);
			productRefGroup = 211E504D272FF67E00E9C9B0 /* Products */;
			projectDirPath = "";
			projectRoot = "";
			targets = (
				211E504B272FF67E00E9C9B0 /* Coder */,
			);
		};
/* End PBXProject section */

/* Begin PBXResourcesBuildPhase section */
		211E504A272FF67E00E9C9B0 /* Resources */ = {
			isa = PBXResourcesBuildPhase;
			buildActionMask = 2147483647;
			files = (
				211E505C272FF67F00E9C9B0 /* LaunchScreen.storyboard in Resources */,
				211E5059272FF67F00E9C9B0 /* Assets.xcassets in Resources */,
				21A488152736657D00CDA8CC /* ShowErrorViewController.xib in Resources */,
				211E5057272FF67E00E9C9B0 /* Main.storyboard in Resources */,
			);
			runOnlyForDeploymentPostprocessing = 0;
		};
/* End PBXResourcesBuildPhase section */

/* Begin PBXSourcesBuildPhase section */
		211E5048272FF67E00E9C9B0 /* Sources */ = {
			isa = PBXSourcesBuildPhase;
			buildActionMask = 2147483647;
			files = (
				21253D9F2732D96400F469BA /* UserInfoModel.swift in Sources */,
				211E5054272FF67E00E9C9B0 /* MainViewController.swift in Sources */,
				21A488142736657D00CDA8CC /* ShowErrorViewController.swift in Sources */,
				213BAC3127381777007E5832 /* Networking.swift in Sources */,
				213BAC33273820E3007E5832 /* Result.swift in Sources */,
				211E5050272FF67E00E9C9B0 /* AppDelegate.swift in Sources */,
				21253D9C2732D6B100F469BA /* InformationTableViewCell.swift in Sources */,
				21046C6F273046B900A13903 /* ButtonExtension.swift in Sources */,
				213BAC3527382BEE007E5832 /* UsersModel.swift in Sources */,
				21253D9A2732D68F00F469BA /* DetailViewController.swift in Sources */,
				21046C6C27303D9600A13903 /* FilterViewController.swift in Sources */,
				21879DE92732AF9300DAA9F0 /* UserTableViewCell.swift in Sources */,
				2118DA3D2731BC2D00BAD1DE /* UIViewExtension.swift in Sources */,
				211E5052272FF67E00E9C9B0 /* SceneDelegate.swift in Sources */,
				211728F82739317E00DDDA40 /* ImageViewExtension.swift in Sources */,
				21C4C84227315FFD00ED001D /* CustomSegmentedControl.swift in Sources */,
			);
			runOnlyForDeploymentPostprocessing = 0;
		};
/* End PBXSourcesBuildPhase section */

/* Begin PBXVariantGroup section */
		211E5055272FF67E00E9C9B0 /* Main.storyboard */ = {
			isa = PBXVariantGroup;
			children = (
				211E5056272FF67E00E9C9B0 /* Base */,
			);
			name = Main.storyboard;
			sourceTree = "<group>";
		};
		211E505A272FF67F00E9C9B0 /* LaunchScreen.storyboard */ = {
			isa = PBXVariantGroup;
			children = (
				211E505B272FF67F00E9C9B0 /* Base */,
			);
			name = LaunchScreen.storyboard;
			sourceTree = "<group>";
		};
/* End PBXVariantGroup section */

/* Begin XCBuildConfiguration section */
		211E505E272FF67F00E9C9B0 /* Debug */ = {
			isa = XCBuildConfiguration;
			buildSettings = {
				ALWAYS_SEARCH_USER_PATHS = NO;
				CLANG_ANALYZER_NONNULL = YES;
				CLANG_ANALYZER_NUMBER_OBJECT_CONVERSION = YES_AGGRESSIVE;
				CLANG_CXX_LANGUAGE_STANDARD = "gnu++17";
				CLANG_CXX_LIBRARY = "libc++";
				CLANG_ENABLE_MODULES = YES;
				CLANG_ENABLE_OBJC_ARC = YES;
				CLANG_ENABLE_OBJC_WEAK = YES;
				CLANG_WARN_BLOCK_CAPTURE_AUTORELEASING = YES;
				CLANG_WARN_BOOL_CONVERSION = YES;
				CLANG_WARN_COMMA = YES;
				CLANG_WARN_CONSTANT_CONVERSION = YES;
				CLANG_WARN_DEPRECATED_OBJC_IMPLEMENTATIONS = YES;
				CLANG_WARN_DIRECT_OBJC_ISA_USAGE = YES_ERROR;
				CLANG_WARN_DOCUMENTATION_COMMENTS = YES;
				CLANG_WARN_EMPTY_BODY = YES;
				CLANG_WARN_ENUM_CONVERSION = YES;
				CLANG_WARN_INFINITE_RECURSION = YES;
				CLANG_WARN_INT_CONVERSION = YES;
				CLANG_WARN_NON_LITERAL_NULL_CONVERSION = YES;
				CLANG_WARN_OBJC_IMPLICIT_RETAIN_SELF = YES;
				CLANG_WARN_OBJC_LITERAL_CONVERSION = YES;
				CLANG_WARN_OBJC_ROOT_CLASS = YES_ERROR;
				CLANG_WARN_QUOTED_INCLUDE_IN_FRAMEWORK_HEADER = YES;
				CLANG_WARN_RANGE_LOOP_ANALYSIS = YES;
				CLANG_WARN_STRICT_PROTOTYPES = YES;
				CLANG_WARN_SUSPICIOUS_MOVE = YES;
				CLANG_WARN_UNGUARDED_AVAILABILITY = YES_AGGRESSIVE;
				CLANG_WARN_UNREACHABLE_CODE = YES;
				CLANG_WARN__DUPLICATE_METHOD_MATCH = YES;
				COPY_PHASE_STRIP = NO;
				DEBUG_INFORMATION_FORMAT = dwarf;
				ENABLE_STRICT_OBJC_MSGSEND = YES;
				ENABLE_TESTABILITY = YES;
				GCC_C_LANGUAGE_STANDARD = gnu11;
				GCC_DYNAMIC_NO_PIC = NO;
				GCC_NO_COMMON_BLOCKS = YES;
				GCC_OPTIMIZATION_LEVEL = 0;
				GCC_PREPROCESSOR_DEFINITIONS = (
					"DEBUG=1",
					"$(inherited)",
				);
				GCC_WARN_64_TO_32_BIT_CONVERSION = YES;
				GCC_WARN_ABOUT_RETURN_TYPE = YES_ERROR;
				GCC_WARN_UNDECLARED_SELECTOR = YES;
				GCC_WARN_UNINITIALIZED_AUTOS = YES_AGGRESSIVE;
				GCC_WARN_UNUSED_FUNCTION = YES;
				GCC_WARN_UNUSED_VARIABLE = YES;
				IPHONEOS_DEPLOYMENT_TARGET = 15.0;
				MTL_ENABLE_DEBUG_INFO = INCLUDE_SOURCE;
				MTL_FAST_MATH = YES;
				ONLY_ACTIVE_ARCH = YES;
				SDKROOT = iphoneos;
				SWIFT_ACTIVE_COMPILATION_CONDITIONS = DEBUG;
				SWIFT_OPTIMIZATION_LEVEL = "-Onone";
			};
			name = Debug;
		};
		211E505F272FF67F00E9C9B0 /* Release */ = {
			isa = XCBuildConfiguration;
			buildSettings = {
				ALWAYS_SEARCH_USER_PATHS = NO;
				CLANG_ANALYZER_NONNULL = YES;
				CLANG_ANALYZER_NUMBER_OBJECT_CONVERSION = YES_AGGRESSIVE;
				CLANG_CXX_LANGUAGE_STANDARD = "gnu++17";
				CLANG_CXX_LIBRARY = "libc++";
				CLANG_ENABLE_MODULES = YES;
				CLANG_ENABLE_OBJC_ARC = YES;
				CLANG_ENABLE_OBJC_WEAK = YES;
				CLANG_WARN_BLOCK_CAPTURE_AUTORELEASING = YES;
				CLANG_WARN_BOOL_CONVERSION = YES;
				CLANG_WARN_COMMA = YES;
				CLANG_WARN_CONSTANT_CONVERSION = YES;
				CLANG_WARN_DEPRECATED_OBJC_IMPLEMENTATIONS = YES;
				CLANG_WARN_DIRECT_OBJC_ISA_USAGE = YES_ERROR;
				CLANG_WARN_DOCUMENTATION_COMMENTS = YES;
				CLANG_WARN_EMPTY_BODY = YES;
				CLANG_WARN_ENUM_CONVERSION = YES;
				CLANG_WARN_INFINITE_RECURSION = YES;
				CLANG_WARN_INT_CONVERSION = YES;
				CLANG_WARN_NON_LITERAL_NULL_CONVERSION = YES;
				CLANG_WARN_OBJC_IMPLICIT_RETAIN_SELF = YES;
				CLANG_WARN_OBJC_LITERAL_CONVERSION = YES;
				CLANG_WARN_OBJC_ROOT_CLASS = YES_ERROR;
				CLANG_WARN_QUOTED_INCLUDE_IN_FRAMEWORK_HEADER = YES;
				CLANG_WARN_RANGE_LOOP_ANALYSIS = YES;
				CLANG_WARN_STRICT_PROTOTYPES = YES;
				CLANG_WARN_SUSPICIOUS_MOVE = YES;
				CLANG_WARN_UNGUARDED_AVAILABILITY = YES_AGGRESSIVE;
				CLANG_WARN_UNREACHABLE_CODE = YES;
				CLANG_WARN__DUPLICATE_METHOD_MATCH = YES;
				COPY_PHASE_STRIP = NO;
				DEBUG_INFORMATION_FORMAT = "dwarf-with-dsym";
				ENABLE_NS_ASSERTIONS = NO;
				ENABLE_STRICT_OBJC_MSGSEND = YES;
				GCC_C_LANGUAGE_STANDARD = gnu11;
				GCC_NO_COMMON_BLOCKS = YES;
				GCC_WARN_64_TO_32_BIT_CONVERSION = YES;
				GCC_WARN_ABOUT_RETURN_TYPE = YES_ERROR;
				GCC_WARN_UNDECLARED_SELECTOR = YES;
				GCC_WARN_UNINITIALIZED_AUTOS = YES_AGGRESSIVE;
				GCC_WARN_UNUSED_FUNCTION = YES;
				GCC_WARN_UNUSED_VARIABLE = YES;
				IPHONEOS_DEPLOYMENT_TARGET = 15.0;
				MTL_ENABLE_DEBUG_INFO = NO;
				MTL_FAST_MATH = YES;
				SDKROOT = iphoneos;
				SWIFT_COMPILATION_MODE = wholemodule;
				SWIFT_OPTIMIZATION_LEVEL = "-O";
				VALIDATE_PRODUCT = YES;
			};
			name = Release;
		};
		211E5061272FF67F00E9C9B0 /* Debug */ = {
			isa = XCBuildConfiguration;
			buildSettings = {
				ASSETCATALOG_COMPILER_APPICON_NAME = AppIcon;
				ASSETCATALOG_COMPILER_GLOBAL_ACCENT_COLOR_NAME = AccentColor;
				CODE_SIGN_STYLE = Automatic;
				CURRENT_PROJECT_VERSION = 1;
				DEVELOPMENT_TEAM = 7GQ4HC85BS;
				GENERATE_INFOPLIST_FILE = YES;
				INFOPLIST_FILE = Coder/Info.plist;
				INFOPLIST_KEY_UIApplicationSupportsIndirectInputEvents = YES;
				INFOPLIST_KEY_UILaunchStoryboardName = LaunchScreen;
				INFOPLIST_KEY_UIMainStoryboardFile = Main;
				INFOPLIST_KEY_UISupportedInterfaceOrientations = "";
				INFOPLIST_KEY_UISupportedInterfaceOrientations_iPad = "UIInterfaceOrientationPortrait UIInterfaceOrientationPortraitUpsideDown UIInterfaceOrientationLandscapeLeft UIInterfaceOrientationLandscapeRight";
				INFOPLIST_KEY_UISupportedInterfaceOrientations_iPhone = "UIInterfaceOrientationPortrait UIInterfaceOrientationLandscapeLeft UIInterfaceOrientationLandscapeRight";
				LD_RUNPATH_SEARCH_PATHS = (
					"$(inherited)",
					"@executable_path/Frameworks",
				);
				MARKETING_VERSION = 1.0;
				PRODUCT_BUNDLE_IDENTIFIER = com.tarasova.Coder;
				PRODUCT_NAME = "$(TARGET_NAME)";
				SWIFT_EMIT_LOC_STRINGS = YES;
				SWIFT_VERSION = 5.0;
				TARGETED_DEVICE_FAMILY = "1,2";
			};
			name = Debug;
		};
		211E5062272FF67F00E9C9B0 /* Release */ = {
			isa = XCBuildConfiguration;
			buildSettings = {
				ASSETCATALOG_COMPILER_APPICON_NAME = AppIcon;
				ASSETCATALOG_COMPILER_GLOBAL_ACCENT_COLOR_NAME = AccentColor;
				CODE_SIGN_STYLE = Automatic;
				CURRENT_PROJECT_VERSION = 1;
				DEVELOPMENT_TEAM = 7GQ4HC85BS;
				GENERATE_INFOPLIST_FILE = YES;
				INFOPLIST_FILE = Coder/Info.plist;
				INFOPLIST_KEY_UIApplicationSupportsIndirectInputEvents = YES;
				INFOPLIST_KEY_UILaunchStoryboardName = LaunchScreen;
				INFOPLIST_KEY_UIMainStoryboardFile = Main;
				INFOPLIST_KEY_UISupportedInterfaceOrientations = "";
				INFOPLIST_KEY_UISupportedInterfaceOrientations_iPad = "UIInterfaceOrientationPortrait UIInterfaceOrientationPortraitUpsideDown UIInterfaceOrientationLandscapeLeft UIInterfaceOrientationLandscapeRight";
				INFOPLIST_KEY_UISupportedInterfaceOrientations_iPhone = "UIInterfaceOrientationPortrait UIInterfaceOrientationLandscapeLeft UIInterfaceOrientationLandscapeRight";
				LD_RUNPATH_SEARCH_PATHS = (
					"$(inherited)",
					"@executable_path/Frameworks",
				);
				MARKETING_VERSION = 1.0;
				PRODUCT_BUNDLE_IDENTIFIER = com.tarasova.Coder;
				PRODUCT_NAME = "$(TARGET_NAME)";
				SWIFT_EMIT_LOC_STRINGS = YES;
				SWIFT_VERSION = 5.0;
				TARGETED_DEVICE_FAMILY = "1,2";
			};
			name = Release;
		};
/* End XCBuildConfiguration section */

/* Begin XCConfigurationList section */
		211E5047272FF67D00E9C9B0 /* Build configuration list for PBXProject "Coder" */ = {
			isa = XCConfigurationList;
			buildConfigurations = (
				211E505E272FF67F00E9C9B0 /* Debug */,
				211E505F272FF67F00E9C9B0 /* Release */,
			);
			defaultConfigurationIsVisible = 0;
			defaultConfigurationName = Release;
		};
		211E5060272FF67F00E9C9B0 /* Build configuration list for PBXNativeTarget "Coder" */ = {
			isa = XCConfigurationList;
			buildConfigurations = (
				211E5061272FF67F00E9C9B0 /* Debug */,
				211E5062272FF67F00E9C9B0 /* Release */,
			);
			defaultConfigurationIsVisible = 0;
			defaultConfigurationName = Release;
		};
/* End XCConfigurationList section */

/* Begin XCRemoteSwiftPackageReference section */
		219D13C12736A206000358DA /* XCRemoteSwiftPackageReference "Alamofire" */ = {
			isa = XCRemoteSwiftPackageReference;
			repositoryURL = "https://github.com/Alamofire/Alamofire.git";
			requirement = {
				kind = upToNextMajorVersion;
				minimumVersion = 5.0.0;
			};
		};
/* End XCRemoteSwiftPackageReference section */
	};
	rootObject = 211E5044272FF67D00E9C9B0 /* Project object */;
}
